
Microsoft Visual Studio Solution File, Format Version 12.00
# Visual Studio Version 17
VisualStudioVersion = 17.12.35707.178 d17.12
MinimumVisualStudioVersion = 10.0.40219.1
Project("{D2ABAB84-BF74-430A-B69E-9DC6D40DDA17}") = "AdventureWorks_SSAS_Cube", "AdventureWorks_SSAS_Cube\AdventureWorks_SSAS_Cube.dwproj", "{EA93F919-7CE2-4419-9850-7466418B10CB}"
EndProject
Global
	GlobalSection(SolutionConfigurationPlatforms) = preSolution
		Development|Default = Development|Default
	EndGlobalSection
	GlobalSection(ProjectConfigurationPlatforms) = postSolution
		{EA93F919-7CE2-4419-9850-7466418B10CB}.Development|Default.ActiveCfg = Development
		{EA93F919-7CE2-4419-9850-7466418B10CB}.Development|Default.Build.0 = Development
		{EA93F919-7CE2-4419-9850-7466418B10CB}.Development|Default.Deploy.0 = Development
	EndGlobalSection
	GlobalSection(SolutionProperties) = preSolution
		HideSolutionNode = FALSE
	EndGlobalSection
EndGlobal
